
Microsoft Visual Studio Solution File, Format Version 12.00
# Visual Studio Version 16
VisualStudioVersion = 16.0.30114.105
MinimumVisualStudioVersion = 10.0.40219.1
Project("{2150E333-8FDC-42A3-9474-1A3956D46DE8}") = "src", "src", "{5A63581A-C011-4CE4-8EF0-1C9C18DFB0DC}"
EndProject
Project("{FAE04EC0-301F-11D3-BF4B-00C04F79EFBC}") = "GGNet", "src\GGNet\GGNet.csproj", "{4FC53372-63A0-4B81-AF33-9FA524E0A83B}"
EndProject
Project("{FAE04EC0-301F-11D3-BF4B-00C04F79EFBC}") = "GGNet.Datasets", "src\GGNet.Datasets\GGNet.Datasets.csproj", "{83A49E6C-2A93-40F0-9B3B-E17EE3F24E90}"
EndProject
Project("{FAE04EC0-301F-11D3-BF4B-00C04F79EFBC}") = "GGNet.NaturalEarth", "src\GGNet.NaturalEarth\GGNet.NaturalEarth.csproj", "{5A53FE4E-31B9-499E-8D0D-0E962A997400}"
EndProject
Project("{FAE04EC0-301F-11D3-BF4B-00C04F79EFBC}") = "GGNet.Static", "src\GGNet.Static\GGNet.Static.csproj", "{377EBA9A-29F9-44A5-AC63-A22A72484671}"
EndProject
Project("{2150E333-8FDC-42A3-9474-1A3956D46DE8}") = "samples", "samples", "{5A9B0D0D-0929-44A0-BC93-BDBF80FCB810}"
EndProject
Project("{FAE04EC0-301F-11D3-BF4B-00C04F79EFBC}") = "GGNet.Demo", "samples\GGNet.Demo\GGNet.Demo.csproj", "{7AAD9145-4E52-47BC-A3E4-4ACCC4800D11}"
EndProject
Project("{FAE04EC0-301F-11D3-BF4B-00C04F79EFBC}") = "GGNet.Static.Demo", "samples\GGNet.Static.Demo\GGNet.Static.Demo.csproj", "{9114790A-B39D-4526-8FA9-20D7AB178CC8}"
EndProject
Global
	GlobalSection(SolutionConfigurationPlatforms) = preSolution
		Debug|Any CPU = Debug|Any CPU
		Release|Any CPU = Release|Any CPU
	EndGlobalSection
	GlobalSection(SolutionProperties) = preSolution
		HideSolutionNode = FALSE
	EndGlobalSection
	GlobalSection(ProjectConfigurationPlatforms) = postSolution
		{4FC53372-63A0-4B81-AF33-9FA524E0A83B}.Debug|Any CPU.ActiveCfg = Debug|Any CPU
		{4FC53372-63A0-4B81-AF33-9FA524E0A83B}.Debug|Any CPU.Build.0 = Debug|Any CPU
		{4FC53372-63A0-4B81-AF33-9FA524E0A83B}.Release|Any CPU.ActiveCfg = Release|Any CPU
		{4FC53372-63A0-4B81-AF33-9FA524E0A83B}.Release|Any CPU.Build.0 = Release|Any CPU
		{83A49E6C-2A93-40F0-9B3B-E17EE3F24E90}.Debug|Any CPU.ActiveCfg = Debug|Any CPU
		{83A49E6C-2A93-40F0-9B3B-E17EE3F24E90}.Debug|Any CPU.Build.0 = Debug|Any CPU
		{83A49E6C-2A93-40F0-9B3B-E17EE3F24E90}.Release|Any CPU.ActiveCfg = Release|Any CPU
		{83A49E6C-2A93-40F0-9B3B-E17EE3F24E90}.Release|Any CPU.Build.0 = Release|Any CPU
		{5A53FE4E-31B9-499E-8D0D-0E962A997400}.Debug|Any CPU.ActiveCfg = Debug|Any CPU
		{5A53FE4E-31B9-499E-8D0D-0E962A997400}.Debug|Any CPU.Build.0 = Debug|Any CPU
		{5A53FE4E-31B9-499E-8D0D-0E962A997400}.Release|Any CPU.ActiveCfg = Release|Any CPU
		{5A53FE4E-31B9-499E-8D0D-0E962A997400}.Release|Any CPU.Build.0 = Release|Any CPU
		{377EBA9A-29F9-44A5-AC63-A22A72484671}.Debug|Any CPU.ActiveCfg = Debug|Any CPU
		{377EBA9A-29F9-44A5-AC63-A22A72484671}.Debug|Any CPU.Build.0 = Debug|Any CPU
		{377EBA9A-29F9-44A5-AC63-A22A72484671}.Release|Any CPU.ActiveCfg = Release|Any CPU
		{377EBA9A-29F9-44A5-AC63-A22A72484671}.Release|Any CPU.Build.0 = Release|Any CPU
		{7AAD9145-4E52-47BC-A3E4-4ACCC4800D11}.Debug|Any CPU.ActiveCfg = Debug|Any CPU
		{7AAD9145-4E52-47BC-A3E4-4ACCC4800D11}.Debug|Any CPU.Build.0 = Debug|Any CPU
		{7AAD9145-4E52-47BC-A3E4-4ACCC4800D11}.Release|Any CPU.ActiveCfg = Release|Any CPU
		{7AAD9145-4E52-47BC-A3E4-4ACCC4800D11}.Release|Any CPU.Build.0 = Release|Any CPU
		{9114790A-B39D-4526-8FA9-20D7AB178CC8}.Debug|Any CPU.ActiveCfg = Debug|Any CPU
		{9114790A-B39D-4526-8FA9-20D7AB178CC8}.Debug|Any CPU.Build.0 = Debug|Any CPU
		{9114790A-B39D-4526-8FA9-20D7AB178CC8}.Release|Any CPU.ActiveCfg = Release|Any CPU
		{9114790A-B39D-4526-8FA9-20D7AB178CC8}.Release|Any CPU.Build.0 = Release|Any CPU
	EndGlobalSection
	GlobalSection(NestedProjects) = preSolution
		{4FC53372-63A0-4B81-AF33-9FA524E0A83B} = {5A63581A-C011-4CE4-8EF0-1C9C18DFB0DC}
		{83A49E6C-2A93-40F0-9B3B-E17EE3F24E90} = {5A63581A-C011-4CE4-8EF0-1C9C18DFB0DC}
		{5A53FE4E-31B9-499E-8D0D-0E962A997400} = {5A63581A-C011-4CE4-8EF0-1C9C18DFB0DC}
		{377EBA9A-29F9-44A5-AC63-A22A72484671} = {5A63581A-C011-4CE4-8EF0-1C9C18DFB0DC}
		{7AAD9145-4E52-47BC-A3E4-4ACCC4800D11} = {5A9B0D0D-0929-44A0-BC93-BDBF80FCB810}
		{9114790A-B39D-4526-8FA9-20D7AB178CC8} = {5A9B0D0D-0929-44A0-BC93-BDBF80FCB810}
	EndGlobalSection
EndGlobal
