
Microsoft Visual Studio Solution File, Format Version 12.00
# Visual Studio Version 17
VisualStudioVersion = 17.5.002.0
MinimumVisualStudioVersion = 10.0.40219.1
Project("{9A19103F-16F7-4668-BE54-9A1E7A4F7556}") = "GGNet.Static", "GGNet.Static.csproj", "{A9D5B756-1267-45BA-9F43-C4FC0A1A59A1}"
EndProject
Global
	GlobalSection(SolutionConfigurationPlatforms) = preSolution
		Debug|Any CPU = Debug|Any CPU
		Release|Any CPU = Release|Any CPU
	EndGlobalSection
	GlobalSection(ProjectConfigurationPlatforms) = postSolution
		{A9D5B756-1267-45BA-9F43-C4FC0A1A59A1}.Debug|Any CPU.ActiveCfg = Debug|Any CPU
		{A9D5B756-1267-45BA-9F43-C4FC0A1A59A1}.Debug|Any CPU.Build.0 = Debug|Any CPU
		{A9D5B756-1267-45BA-9F43-C4FC0A1A59A1}.Release|Any CPU.ActiveCfg = Release|Any CPU
		{A9D5B756-1267-45BA-9F43-C4FC0A1A59A1}.Release|Any CPU.Build.0 = Release|Any CPU
	EndGlobalSection
	GlobalSection(SolutionProperties) = preSolution
		HideSolutionNode = FALSE
	EndGlobalSection
	GlobalSection(ExtensibilityGlobals) = postSolution
		SolutionGuid = {F255E1BB-C4BE-4004-9B60-4057D7E8F3BE}
	EndGlobalSection
EndGlobal
